// !$*UTF8*$!
{
	archiveVersion = 1;
	classes = {
	};
	objectVersion = 48;
	objects = {

/* Begin PBXBuildFile section */
		3634F807235894840053699F /* AboutGameView.swift in Sources */ = {isa = PBXBuildFile; fileRef = 3634F806235894840053699F /* AboutGameView.swift */; };
		36409E1A2359D5BB002AB92F /* AppDelegate.swift in Sources */ = {isa = PBXBuildFile; fileRef = 36409E192359D5BB002AB92F /* AppDelegate.swift */; };
		36409E1C2359D5BB002AB92F /* ContentView.swift in Sources */ = {isa = PBXBuildFile; fileRef = 36409E1B2359D5BB002AB92F /* ContentView.swift */; };
		36409E1E2359D5BC002AB92F /* Assets.xcassets in Resources */ = {isa = PBXBuildFile; fileRef = 36409E1D2359D5BC002AB92F /* Assets.xcassets */; };
		36409E212359D5BC002AB92F /* Preview Assets.xcassets in Resources */ = {isa = PBXBuildFile; fileRef = 36409E202359D5BC002AB92F /* Preview Assets.xcassets */; };
		36409E242359D5BC002AB92F /* LaunchScreen.storyboard in Resources */ = {isa = PBXBuildFile; fileRef = 36409E222359D5BC002AB92F /* LaunchScreen.storyboard */; };
		36409E2F2359D841002AB92F /* Interface.storyboard in Resources */ = {isa = PBXBuildFile; fileRef = 36409E2D2359D841002AB92F /* Interface.storyboard */; };
		36409E312359D841002AB92F /* Assets.xcassets in Resources */ = {isa = PBXBuildFile; fileRef = 36409E302359D841002AB92F /* Assets.xcassets */; };
		36409E382359D841002AB92F /* HardcoreTap for Watch Extension.appex in Embed App Extensions */ = {isa = PBXBuildFile; fileRef = 36409E372359D841002AB92F /* HardcoreTap for Watch Extension.appex */; settings = {ATTRIBUTES = (RemoveHeadersOnCopy, ); }; };
		36409E3D2359D841002AB92F /* ContentView.swift in Sources */ = {isa = PBXBuildFile; fileRef = 36409E3C2359D841002AB92F /* ContentView.swift */; };
		36409E3F2359D841002AB92F /* HostingController.swift in Sources */ = {isa = PBXBuildFile; fileRef = 36409E3E2359D841002AB92F /* HostingController.swift */; };
		36409E412359D841002AB92F /* ExtensionDelegate.swift in Sources */ = {isa = PBXBuildFile; fileRef = 36409E402359D841002AB92F /* ExtensionDelegate.swift */; };
		36409E432359D842002AB92F /* Assets.xcassets in Resources */ = {isa = PBXBuildFile; fileRef = 36409E422359D842002AB92F /* Assets.xcassets */; };
		36409E462359D842002AB92F /* Preview Assets.xcassets in Resources */ = {isa = PBXBuildFile; fileRef = 36409E452359D842002AB92F /* Preview Assets.xcassets */; };
		36409E4A2359D842002AB92F /* HardcoreTap for Watch.app in Embed Watch Content */ = {isa = PBXBuildFile; fileRef = 36409E2B2359D841002AB92F /* HardcoreTap for Watch.app */; settings = {ATTRIBUTES = (RemoveHeadersOnCopy, ); }; };
		36668D0A235734D800EEC8BC /* LeaderboardView.swift in Sources */ = {isa = PBXBuildFile; fileRef = 36668D09235734D800EEC8BC /* LeaderboardView.swift */; };
		36668D0C235739FF00EEC8BC /* RulesView.swift in Sources */ = {isa = PBXBuildFile; fileRef = 36668D0B235739FF00EEC8BC /* RulesView.swift */; };
		369243452350D4D800EA40C9 /* SceneDelegate.swift in Sources */ = {isa = PBXBuildFile; fileRef = 369243442350D4D800EA40C9 /* SceneDelegate.swift */; };
		369243472350D98B00EA40C9 /* BaseTabView.swift in Sources */ = {isa = PBXBuildFile; fileRef = 369243462350D98B00EA40C9 /* BaseTabView.swift */; };
		36B7A872235F27ED00CBCE24 /* RuleView.swift in Sources */ = {isa = PBXBuildFile; fileRef = 36B7A871235F27ED00CBCE24 /* RuleView.swift */; };
		36CEAB2B234DFD6800812E09 /* LoginView.swift in Sources */ = {isa = PBXBuildFile; fileRef = 36CEAB2A234DFD6800812E09 /* LoginView.swift */; };
		3C092B061FB771EF0019687C /* RulesViewController.swift in Sources */ = {isa = PBXBuildFile; fileRef = 3C092B051FB771EF0019687C /* RulesViewController.swift */; };
		3C092B0A1FB774010019687C /* BaseTabBarController.swift in Sources */ = {isa = PBXBuildFile; fileRef = 3C092B091FB774010019687C /* BaseTabBarController.swift */; };
		3CA83B8B1FBA5D7B0046ED8D /* bmp60.mp3 in Resources */ = {isa = PBXBuildFile; fileRef = 3CA83B8A1FBA5D7B0046ED8D /* bmp60.mp3 */; };
		3CE12BFD1FB62FED00945352 /* AppDelegate.swift in Sources */ = {isa = PBXBuildFile; fileRef = 3CE12BFC1FB62FED00945352 /* AppDelegate.swift */; };
		3CE12BFF1FB62FEE00945352 /* GameViewController.swift in Sources */ = {isa = PBXBuildFile; fileRef = 3CE12BFE1FB62FEE00945352 /* GameViewController.swift */; };
		3CE12C021FB62FEE00945352 /* Main.storyboard in Resources */ = {isa = PBXBuildFile; fileRef = 3CE12C001FB62FEE00945352 /* Main.storyboard */; };
		3CE12C041FB62FEE00945352 /* Assets.xcassets in Resources */ = {isa = PBXBuildFile; fileRef = 3CE12C031FB62FEE00945352 /* Assets.xcassets */; };
		3CE12C071FB62FEE00945352 /* LaunchScreen.storyboard in Resources */ = {isa = PBXBuildFile; fileRef = 3CE12C051FB62FEE00945352 /* LaunchScreen.storyboard */; };
		3CE12C111FB643CB00945352 /* LoginViewController.swift in Sources */ = {isa = PBXBuildFile; fileRef = 3CE12C101FB643CB00945352 /* LoginViewController.swift */; };
		3CE12C151FB663A000945352 /* LeadearBoardViewController.swift in Sources */ = {isa = PBXBuildFile; fileRef = 3CE12C141FB663A000945352 /* LeadearBoardViewController.swift */; };
		739F733F200B98FE0073C198 /* SettingsCell.swift in Sources */ = {isa = PBXBuildFile; fileRef = 739F733E200B98FE0073C198 /* SettingsCell.swift */; };
		73BC136B1FB876A200BDB8B0 /* UIButtonExtension.swift in Sources */ = {isa = PBXBuildFile; fileRef = 73BC136A1FB876A200BDB8B0 /* UIButtonExtension.swift */; };
		8D0B2BED1FC89B3700CE102C /* SettingsViewController.swift in Sources */ = {isa = PBXBuildFile; fileRef = 8D0B2BEC1FC89B3600CE102C /* SettingsViewController.swift */; };
		8D0B2BF11FC89BA400CE102C /* AboutGameViewController.swift in Sources */ = {isa = PBXBuildFile; fileRef = 8D0B2BF01FC89BA400CE102C /* AboutGameViewController.swift */; };
		8D4D774120F10C91001F3E91 /* UIViewControllerExtensions.swift in Sources */ = {isa = PBXBuildFile; fileRef = 8D4D774020F10C91001F3E91 /* UIViewControllerExtensions.swift */; };
		8D4E36BD2008CC8200508D6B /* GoogleService-Info.plist in Resources */ = {isa = PBXBuildFile; fileRef = 8D4E36BC2008CC8200508D6B /* GoogleService-Info.plist */; };
		8D90EB9820B96F44002A3711 /* StoreKit.framework in Frameworks */ = {isa = PBXBuildFile; fileRef = 8D90EB9720B96F44002A3711 /* StoreKit.framework */; };
		8D90EB9A20B981B1002A3711 /* GameKit.framework in Frameworks */ = {isa = PBXBuildFile; fileRef = 8D90EB9920B981B1002A3711 /* GameKit.framework */; };
		8DAA24761FC7F80600282E06 /* RateManager.swift in Sources */ = {isa = PBXBuildFile; fileRef = 8DAA24751FC7F80600282E06 /* RateManager.swift */; };
		92269D36383B1F38F5969B3E /* Pods_HardcoreTap.framework in Frameworks */ = {isa = PBXBuildFile; fileRef = 1AAFEA8909DB74391B6B7085 /* Pods_HardcoreTap.framework */; };
		FDFFEFE2227831AD00AB8ACA /* Message.swift in Sources */ = {isa = PBXBuildFile; fileRef = FDFFEFE1227831AD00AB8ACA /* Message.swift */; };
		FDFFEFE4227832DD00AB8ACA /* Colors.swift in Sources */ = {isa = PBXBuildFile; fileRef = FDFFEFE3227832DD00AB8ACA /* Colors.swift */; };
		FDFFEFE82278345D00AB8ACA /* R.generated.swift in Sources */ = {isa = PBXBuildFile; fileRef = FDFFEFE72278345D00AB8ACA /* R.generated.swift */; };
/* End PBXBuildFile section */

/* Begin PBXContainerItemProxy section */
		36409E392359D841002AB92F /* PBXContainerItemProxy */ = {
			isa = PBXContainerItemProxy;
			containerPortal = 3CE12BF11FB62FED00945352 /* Project object */;
			proxyType = 1;
			remoteGlobalIDString = 36409E362359D841002AB92F;
			remoteInfo = "HardcoreTap for Watch Extension";
		};
		36409E482359D842002AB92F /* PBXContainerItemProxy */ = {
			isa = PBXContainerItemProxy;
			containerPortal = 3CE12BF11FB62FED00945352 /* Project object */;
			proxyType = 1;
			remoteGlobalIDString = 36409E2A2359D841002AB92F;
			remoteInfo = "HardcoreTap for Watch";
		};
/* End PBXContainerItemProxy section */

/* Begin PBXCopyFilesBuildPhase section */
		36409E4E2359D842002AB92F /* Embed App Extensions */ = {
			isa = PBXCopyFilesBuildPhase;
			buildActionMask = 2147483647;
			dstPath = "";
			dstSubfolderSpec = 13;
			files = (
				36409E382359D841002AB92F /* HardcoreTap for Watch Extension.appex in Embed App Extensions */,
			);
			name = "Embed App Extensions";
			runOnlyForDeploymentPostprocessing = 0;
		};
		36409E522359D842002AB92F /* Embed Watch Content */ = {
			isa = PBXCopyFilesBuildPhase;
			buildActionMask = 2147483647;
			dstPath = "$(CONTENTS_FOLDER_PATH)/Watch";
			dstSubfolderSpec = 16;
			files = (
				36409E4A2359D842002AB92F /* HardcoreTap for Watch.app in Embed Watch Content */,
			);
			name = "Embed Watch Content";
			runOnlyForDeploymentPostprocessing = 0;
		};
/* End PBXCopyFilesBuildPhase section */

/* Begin PBXFileReference section */
		1AAFEA8909DB74391B6B7085 /* Pods_HardcoreTap.framework */ = {isa = PBXFileReference; explicitFileType = wrapper.framework; includeInIndex = 0; path = Pods_HardcoreTap.framework; sourceTree = BUILT_PRODUCTS_DIR; };
		3634F806235894840053699F /* AboutGameView.swift */ = {isa = PBXFileReference; lastKnownFileType = sourcecode.swift; path = AboutGameView.swift; sourceTree = "<group>"; };
		36409E172359D5BB002AB92F /* HardcoreTap for TV.app */ = {isa = PBXFileReference; explicitFileType = wrapper.application; includeInIndex = 0; path = "HardcoreTap for TV.app"; sourceTree = BUILT_PRODUCTS_DIR; };
		36409E192359D5BB002AB92F /* AppDelegate.swift */ = {isa = PBXFileReference; lastKnownFileType = sourcecode.swift; path = AppDelegate.swift; sourceTree = "<group>"; };
		36409E1B2359D5BB002AB92F /* ContentView.swift */ = {isa = PBXFileReference; lastKnownFileType = sourcecode.swift; path = ContentView.swift; sourceTree = "<group>"; };
		36409E1D2359D5BC002AB92F /* Assets.xcassets */ = {isa = PBXFileReference; lastKnownFileType = folder.assetcatalog; path = Assets.xcassets; sourceTree = "<group>"; };
		36409E202359D5BC002AB92F /* Preview Assets.xcassets */ = {isa = PBXFileReference; lastKnownFileType = folder.assetcatalog; path = "Preview Assets.xcassets"; sourceTree = "<group>"; };
		36409E232359D5BC002AB92F /* Base */ = {isa = PBXFileReference; lastKnownFileType = file.storyboard; name = Base; path = Base.lproj/LaunchScreen.storyboard; sourceTree = "<group>"; };
		36409E252359D5BC002AB92F /* Info.plist */ = {isa = PBXFileReference; lastKnownFileType = text.plist.xml; path = Info.plist; sourceTree = "<group>"; };
		36409E2B2359D841002AB92F /* HardcoreTap for Watch.app */ = {isa = PBXFileReference; explicitFileType = wrapper.application; includeInIndex = 0; path = "HardcoreTap for Watch.app"; sourceTree = BUILT_PRODUCTS_DIR; };
		36409E2E2359D841002AB92F /* Base */ = {isa = PBXFileReference; lastKnownFileType = file.storyboard; name = Base; path = Base.lproj/Interface.storyboard; sourceTree = "<group>"; };
		36409E302359D841002AB92F /* Assets.xcassets */ = {isa = PBXFileReference; lastKnownFileType = folder.assetcatalog; path = Assets.xcassets; sourceTree = "<group>"; };
		36409E322359D841002AB92F /* Info.plist */ = {isa = PBXFileReference; lastKnownFileType = text.plist.xml; path = Info.plist; sourceTree = "<group>"; };
		36409E372359D841002AB92F /* HardcoreTap for Watch Extension.appex */ = {isa = PBXFileReference; explicitFileType = "wrapper.app-extension"; includeInIndex = 0; path = "HardcoreTap for Watch Extension.appex"; sourceTree = BUILT_PRODUCTS_DIR; };
		36409E3C2359D841002AB92F /* ContentView.swift */ = {isa = PBXFileReference; lastKnownFileType = sourcecode.swift; path = ContentView.swift; sourceTree = "<group>"; };
		36409E3E2359D841002AB92F /* HostingController.swift */ = {isa = PBXFileReference; lastKnownFileType = sourcecode.swift; path = HostingController.swift; sourceTree = "<group>"; };
		36409E402359D841002AB92F /* ExtensionDelegate.swift */ = {isa = PBXFileReference; lastKnownFileType = sourcecode.swift; path = ExtensionDelegate.swift; sourceTree = "<group>"; };
		36409E422359D842002AB92F /* Assets.xcassets */ = {isa = PBXFileReference; lastKnownFileType = folder.assetcatalog; path = Assets.xcassets; sourceTree = "<group>"; };
		36409E452359D842002AB92F /* Preview Assets.xcassets */ = {isa = PBXFileReference; lastKnownFileType = folder.assetcatalog; path = "Preview Assets.xcassets"; sourceTree = "<group>"; };
		36409E472359D842002AB92F /* Info.plist */ = {isa = PBXFileReference; lastKnownFileType = text.plist.xml; path = Info.plist; sourceTree = "<group>"; };
		36668D09235734D800EEC8BC /* LeaderboardView.swift */ = {isa = PBXFileReference; lastKnownFileType = sourcecode.swift; path = LeaderboardView.swift; sourceTree = "<group>"; };
		36668D0B235739FF00EEC8BC /* RulesView.swift */ = {isa = PBXFileReference; lastKnownFileType = sourcecode.swift; path = RulesView.swift; sourceTree = "<group>"; };
		369243442350D4D800EA40C9 /* SceneDelegate.swift */ = {isa = PBXFileReference; lastKnownFileType = sourcecode.swift; path = SceneDelegate.swift; sourceTree = "<group>"; };
		369243462350D98B00EA40C9 /* BaseTabView.swift */ = {isa = PBXFileReference; lastKnownFileType = sourcecode.swift; path = BaseTabView.swift; sourceTree = "<group>"; };
		369F7410234DD3010062A29E /* HardcoreTap.entitlements */ = {isa = PBXFileReference; lastKnownFileType = text.plist.entitlements; path = HardcoreTap.entitlements; sourceTree = "<group>"; };
		36B7A871235F27ED00CBCE24 /* RuleView.swift */ = {isa = PBXFileReference; lastKnownFileType = sourcecode.swift; path = RuleView.swift; sourceTree = "<group>"; };
		36CEAB2A234DFD6800812E09 /* LoginView.swift */ = {isa = PBXFileReference; indentWidth = 4; lastKnownFileType = sourcecode.swift; path = LoginView.swift; sourceTree = "<group>"; tabWidth = 4; };
		3C092B051FB771EF0019687C /* RulesViewController.swift */ = {isa = PBXFileReference; lastKnownFileType = sourcecode.swift; path = RulesViewController.swift; sourceTree = "<group>"; };
		3C092B091FB774010019687C /* BaseTabBarController.swift */ = {isa = PBXFileReference; lastKnownFileType = sourcecode.swift; path = BaseTabBarController.swift; sourceTree = "<group>"; };
		3CA83B8A1FBA5D7B0046ED8D /* bmp60.mp3 */ = {isa = PBXFileReference; lastKnownFileType = audio.mp3; path = bmp60.mp3; sourceTree = "<group>"; };
		3CE12BF91FB62FED00945352 /* HardcoreTap.app */ = {isa = PBXFileReference; explicitFileType = wrapper.application; includeInIndex = 0; path = HardcoreTap.app; sourceTree = BUILT_PRODUCTS_DIR; };
		3CE12BFC1FB62FED00945352 /* AppDelegate.swift */ = {isa = PBXFileReference; indentWidth = 4; lastKnownFileType = sourcecode.swift; path = AppDelegate.swift; sourceTree = "<group>"; tabWidth = 4; };
		3CE12BFE1FB62FEE00945352 /* GameViewController.swift */ = {isa = PBXFileReference; lastKnownFileType = sourcecode.swift; path = GameViewController.swift; sourceTree = "<group>"; };
		3CE12C011FB62FEE00945352 /* Base */ = {isa = PBXFileReference; lastKnownFileType = file.storyboard; name = Base; path = Base.lproj/Main.storyboard; sourceTree = "<group>"; };
		3CE12C031FB62FEE00945352 /* Assets.xcassets */ = {isa = PBXFileReference; lastKnownFileType = folder.assetcatalog; path = Assets.xcassets; sourceTree = "<group>"; };
		3CE12C061FB62FEE00945352 /* Base */ = {isa = PBXFileReference; lastKnownFileType = file.storyboard; name = Base; path = Base.lproj/LaunchScreen.storyboard; sourceTree = "<group>"; };
		3CE12C081FB62FEE00945352 /* Info.plist */ = {isa = PBXFileReference; lastKnownFileType = text.plist.xml; path = Info.plist; sourceTree = "<group>"; };
		3CE12C101FB643CB00945352 /* LoginViewController.swift */ = {isa = PBXFileReference; lastKnownFileType = sourcecode.swift; path = LoginViewController.swift; sourceTree = "<group>"; };
		3CE12C141FB663A000945352 /* LeadearBoardViewController.swift */ = {isa = PBXFileReference; lastKnownFileType = sourcecode.swift; path = LeadearBoardViewController.swift; sourceTree = "<group>"; };
		63B0CB57EA772756F3D03DA9 /* Pods-HardcoreTap.release.xcconfig */ = {isa = PBXFileReference; includeInIndex = 1; lastKnownFileType = text.xcconfig; name = "Pods-HardcoreTap.release.xcconfig"; path = "Pods/Target Support Files/Pods-HardcoreTap/Pods-HardcoreTap.release.xcconfig"; sourceTree = "<group>"; };
		739F733E200B98FE0073C198 /* SettingsCell.swift */ = {isa = PBXFileReference; lastKnownFileType = sourcecode.swift; path = SettingsCell.swift; sourceTree = "<group>"; };
		73BC136A1FB876A200BDB8B0 /* UIButtonExtension.swift */ = {isa = PBXFileReference; lastKnownFileType = sourcecode.swift; path = UIButtonExtension.swift; sourceTree = "<group>"; };
		8D0B2BEC1FC89B3600CE102C /* SettingsViewController.swift */ = {isa = PBXFileReference; lastKnownFileType = sourcecode.swift; path = SettingsViewController.swift; sourceTree = "<group>"; };
		8D0B2BF01FC89BA400CE102C /* AboutGameViewController.swift */ = {isa = PBXFileReference; lastKnownFileType = sourcecode.swift; path = AboutGameViewController.swift; sourceTree = "<group>"; };
		8D4D774020F10C91001F3E91 /* UIViewControllerExtensions.swift */ = {isa = PBXFileReference; lastKnownFileType = sourcecode.swift; path = UIViewControllerExtensions.swift; sourceTree = "<group>"; };
		8D4E36BC2008CC8200508D6B /* GoogleService-Info.plist */ = {isa = PBXFileReference; fileEncoding = 4; lastKnownFileType = text.plist.xml; path = "GoogleService-Info.plist"; sourceTree = "<group>"; };
		8D90EB9720B96F44002A3711 /* StoreKit.framework */ = {isa = PBXFileReference; lastKnownFileType = wrapper.framework; name = StoreKit.framework; path = System/Library/Frameworks/StoreKit.framework; sourceTree = SDKROOT; };
		8D90EB9920B981B1002A3711 /* GameKit.framework */ = {isa = PBXFileReference; lastKnownFileType = wrapper.framework; name = GameKit.framework; path = System/Library/Frameworks/GameKit.framework; sourceTree = SDKROOT; };
		8DAA24751FC7F80600282E06 /* RateManager.swift */ = {isa = PBXFileReference; lastKnownFileType = sourcecode.swift; path = RateManager.swift; sourceTree = "<group>"; };
		9A8DBFE64EDF162FA295ADF2 /* Pods-HardcoreTap.debug.xcconfig */ = {isa = PBXFileReference; includeInIndex = 1; lastKnownFileType = text.xcconfig; name = "Pods-HardcoreTap.debug.xcconfig"; path = "Pods/Target Support Files/Pods-HardcoreTap/Pods-HardcoreTap.debug.xcconfig"; sourceTree = "<group>"; };
		FDFFEFE1227831AD00AB8ACA /* Message.swift */ = {isa = PBXFileReference; lastKnownFileType = sourcecode.swift; path = Message.swift; sourceTree = "<group>"; };
		FDFFEFE3227832DD00AB8ACA /* Colors.swift */ = {isa = PBXFileReference; lastKnownFileType = sourcecode.swift; path = Colors.swift; sourceTree = "<group>"; };
		FDFFEFE72278345D00AB8ACA /* R.generated.swift */ = {isa = PBXFileReference; fileEncoding = 4; lastKnownFileType = sourcecode.swift; name = R.generated.swift; path = HardcoreTap/Resources/Generated/R.generated.swift; sourceTree = SOURCE_ROOT; };
/* End PBXFileReference section */

/* Begin PBXFrameworksBuildPhase section */
		36409E142359D5BB002AB92F /* Frameworks */ = {
			isa = PBXFrameworksBuildPhase;
			buildActionMask = 2147483647;
			files = (
			);
			runOnlyForDeploymentPostprocessing = 0;
		};
		36409E342359D841002AB92F /* Frameworks */ = {
			isa = PBXFrameworksBuildPhase;
			buildActionMask = 2147483647;
			files = (
			);
			runOnlyForDeploymentPostprocessing = 0;
		};
		3CE12BF61FB62FED00945352 /* Frameworks */ = {
			isa = PBXFrameworksBuildPhase;
			buildActionMask = 2147483647;
			files = (
				8D90EB9A20B981B1002A3711 /* GameKit.framework in Frameworks */,
				92269D36383B1F38F5969B3E /* Pods_HardcoreTap.framework in Frameworks */,
				8D90EB9820B96F44002A3711 /* StoreKit.framework in Frameworks */,
			);
			runOnlyForDeploymentPostprocessing = 0;
		};
/* End PBXFrameworksBuildPhase section */

/* Begin PBXGroup section */
		36409E122359C9BD002AB92F /* DEPRECATED */ = {
			isa = PBXGroup;
			children = (
				3CE12BFE1FB62FEE00945352 /* GameViewController.swift */,
				3CE12C141FB663A000945352 /* LeadearBoardViewController.swift */,
				8D0B2BEC1FC89B3600CE102C /* SettingsViewController.swift */,
				8D0B2BF01FC89BA400CE102C /* AboutGameViewController.swift */,
				3CE12C101FB643CB00945352 /* LoginViewController.swift */,
				3C092B091FB774010019687C /* BaseTabBarController.swift */,
				3C092B051FB771EF0019687C /* RulesViewController.swift */,
				739F733E200B98FE0073C198 /* SettingsCell.swift */,
				73BC136A1FB876A200BDB8B0 /* UIButtonExtension.swift */,
				3CE12C001FB62FEE00945352 /* Main.storyboard */,
			);
			path = DEPRECATED;
			sourceTree = "<group>";
		};
		36409E182359D5BB002AB92F /* HardcoreTap for TV */ = {
			isa = PBXGroup;
			children = (
				36409E192359D5BB002AB92F /* AppDelegate.swift */,
				36409E1B2359D5BB002AB92F /* ContentView.swift */,
				36409E1D2359D5BC002AB92F /* Assets.xcassets */,
				36409E222359D5BC002AB92F /* LaunchScreen.storyboard */,
				36409E252359D5BC002AB92F /* Info.plist */,
				36409E1F2359D5BC002AB92F /* Preview Content */,
			);
			path = "HardcoreTap for TV";
			sourceTree = "<group>";
		};
		36409E1F2359D5BC002AB92F /* Preview Content */ = {
			isa = PBXGroup;
			children = (
				36409E202359D5BC002AB92F /* Preview Assets.xcassets */,
			);
			path = "Preview Content";
			sourceTree = "<group>";
		};
		36409E2C2359D841002AB92F /* HardcoreTap for Watch */ = {
			isa = PBXGroup;
			children = (
				36409E2D2359D841002AB92F /* Interface.storyboard */,
				36409E302359D841002AB92F /* Assets.xcassets */,
				36409E322359D841002AB92F /* Info.plist */,
			);
			path = "HardcoreTap for Watch";
			sourceTree = "<group>";
		};
		36409E3B2359D841002AB92F /* HardcoreTap for Watch Extension */ = {
			isa = PBXGroup;
			children = (
				36409E3C2359D841002AB92F /* ContentView.swift */,
				36409E3E2359D841002AB92F /* HostingController.swift */,
				36409E402359D841002AB92F /* ExtensionDelegate.swift */,
				36409E422359D842002AB92F /* Assets.xcassets */,
				36409E472359D842002AB92F /* Info.plist */,
				36409E442359D842002AB92F /* Preview Content */,
			);
			path = "HardcoreTap for Watch Extension";
			sourceTree = "<group>";
		};
		36409E442359D842002AB92F /* Preview Content */ = {
			isa = PBXGroup;
			children = (
				36409E452359D842002AB92F /* Preview Assets.xcassets */,
			);
			path = "Preview Content";
			sourceTree = "<group>";
		};
		3C52CAE71FBBC873004E31B8 /* Audio */ = {
			isa = PBXGroup;
			children = (
				3CA83B8A1FBA5D7B0046ED8D /* bmp60.mp3 */,
			);
			path = Audio;
			sourceTree = "<group>";
		};
		3CE12BF01FB62FED00945352 = {
			isa = PBXGroup;
			children = (
				3CE12BFB1FB62FED00945352 /* HardcoreTap */,
				36409E182359D5BB002AB92F /* HardcoreTap for TV */,
				36409E2C2359D841002AB92F /* HardcoreTap for Watch */,
				36409E3B2359D841002AB92F /* HardcoreTap for Watch Extension */,
				3CE12BFA1FB62FED00945352 /* Products */,
				D7DDCF66F7DBCCB49B6EEB8F /* Pods */,
				A1D86CDE2B60F3C896ECD78A /* Frameworks */,
			);
			indentWidth = 4;
			sourceTree = "<group>";
			tabWidth = 4;
		};
		3CE12BFA1FB62FED00945352 /* Products */ = {
			isa = PBXGroup;
			children = (
				3CE12BF91FB62FED00945352 /* HardcoreTap.app */,
				36409E172359D5BB002AB92F /* HardcoreTap for TV.app */,
				36409E2B2359D841002AB92F /* HardcoreTap for Watch.app */,
				36409E372359D841002AB92F /* HardcoreTap for Watch Extension.appex */,
			);
			name = Products;
			sourceTree = "<group>";
		};
		3CE12BFB1FB62FED00945352 /* HardcoreTap */ = {
			isa = PBXGroup;
			children = (
				36409E122359C9BD002AB92F /* DEPRECATED */,
				369F7410234DD3010062A29E /* HardcoreTap.entitlements */,
				3CE12BFC1FB62FED00945352 /* AppDelegate.swift */,
				369243442350D4D800EA40C9 /* SceneDelegate.swift */,
				FD1631532272F1E30040FC3F /* Classes */,
				FD1631542272F1EB0040FC3F /* Helpers */,
				FD1631552272F1F40040FC3F /* Launch */,
				FD1631562272F1FD0040FC3F /* Resources */,
				8D4D773C20F10AF4001F3E91 /* Supporting files */,
			);
			path = HardcoreTap;
			sourceTree = "<group>";
		};
		8D4D773C20F10AF4001F3E91 /* Supporting files */ = {
			isa = PBXGroup;
			children = (
				3CE12C081FB62FEE00945352 /* Info.plist */,
				8D4E36BC2008CC8200508D6B /* GoogleService-Info.plist */,
			);
			path = "Supporting files";
			sourceTree = "<group>";
		};
		8D4D773E20F10B9E001F3E91 /* Stories */ = {
			isa = PBXGroup;
			children = (
				8D4D774820F10D6B001F3E91 /* Login */,
				8D4D774220F10D08001F3E91 /* Game */,
				8D4D774420F10D20001F3E91 /* Leaderboard */,
				8D4D774720F10D52001F3E91 /* AboutGame */,
				8D4D774620F10D4E001F3E91 /* Settings */,
				8D4D774520F10D29001F3E91 /* Rules */,
			);
			path = Stories;
			sourceTree = "<group>";
		};
		8D4D773F20F10C7F001F3E91 /* Extensions */ = {
			isa = PBXGroup;
			children = (
				8D4D774020F10C91001F3E91 /* UIViewControllerExtensions.swift */,
			);
			path = Extensions;
			sourceTree = "<group>";
		};
		8D4D774220F10D08001F3E91 /* Game */ = {
			isa = PBXGroup;
			children = (
			);
			path = Game;
			sourceTree = "<group>";
		};
		8D4D774420F10D20001F3E91 /* Leaderboard */ = {
			isa = PBXGroup;
			children = (
				36668D09235734D800EEC8BC /* LeaderboardView.swift */,
			);
			path = Leaderboard;
			sourceTree = "<group>";
		};
		8D4D774520F10D29001F3E91 /* Rules */ = {
			isa = PBXGroup;
			children = (
				36B7A871235F27ED00CBCE24 /* RuleView.swift */,
				36668D0B235739FF00EEC8BC /* RulesView.swift */,
			);
			path = Rules;
			sourceTree = "<group>";
		};
		8D4D774620F10D4E001F3E91 /* Settings */ = {
			isa = PBXGroup;
			children = (
			);
			path = Settings;
			sourceTree = "<group>";
		};
		8D4D774720F10D52001F3E91 /* AboutGame */ = {
			isa = PBXGroup;
			children = (
				3634F806235894840053699F /* AboutGameView.swift */,
			);
			path = AboutGame;
			sourceTree = "<group>";
		};
		8D4D774820F10D6B001F3E91 /* Login */ = {
			isa = PBXGroup;
			children = (
				36CEAB2A234DFD6800812E09 /* LoginView.swift */,
			);
			path = Login;
			sourceTree = "<group>";
		};
		A1D86CDE2B60F3C896ECD78A /* Frameworks */ = {
			isa = PBXGroup;
			children = (
				8D90EB9920B981B1002A3711 /* GameKit.framework */,
				8D90EB9720B96F44002A3711 /* StoreKit.framework */,
				1AAFEA8909DB74391B6B7085 /* Pods_HardcoreTap.framework */,
			);
			name = Frameworks;
			sourceTree = "<group>";
		};
		D7DDCF66F7DBCCB49B6EEB8F /* Pods */ = {
			isa = PBXGroup;
			children = (
				9A8DBFE64EDF162FA295ADF2 /* Pods-HardcoreTap.debug.xcconfig */,
				63B0CB57EA772756F3D03DA9 /* Pods-HardcoreTap.release.xcconfig */,
			);
			name = Pods;
			sourceTree = "<group>";
		};
		FD1631532272F1E30040FC3F /* Classes */ = {
			isa = PBXGroup;
			children = (
				FD1631582272F2350040FC3F /* PresentationLayer */,
			);
			path = Classes;
			sourceTree = "<group>";
		};
		FD1631542272F1EB0040FC3F /* Helpers */ = {
			isa = PBXGroup;
			children = (
				8DAA24751FC7F80600282E06 /* RateManager.swift */,
				8D4D773F20F10C7F001F3E91 /* Extensions */,
			);
			path = Helpers;
			sourceTree = "<group>";
		};
		FD1631552272F1F40040FC3F /* Launch */ = {
			isa = PBXGroup;
			children = (
				3CE12C051FB62FEE00945352 /* LaunchScreen.storyboard */,
			);
			path = Launch;
			sourceTree = "<group>";
		};
		FD1631562272F1FD0040FC3F /* Resources */ = {
			isa = PBXGroup;
			children = (
				FDFFEFE62278340100AB8ACA /* Generated */,
				3C52CAE71FBBC873004E31B8 /* Audio */,
				3CE12C031FB62FEE00945352 /* Assets.xcassets */,
			);
			path = Resources;
			sourceTree = "<group>";
		};
		FD1631582272F2350040FC3F /* PresentationLayer */ = {
			isa = PBXGroup;
			children = (
				FD1631592272F2400040FC3F /* Common */,
				FD16315C2272F29A0040FC3F /* Base */,
				8D4D773E20F10B9E001F3E91 /* Stories */,
			);
			path = PresentationLayer;
			sourceTree = "<group>";
		};
		FD1631592272F2400040FC3F /* Common */ = {
			isa = PBXGroup;
			children = (
				FD16315B2272F24E0040FC3F /* UIElements */,
				FD16315A2272F2470040FC3F /* Styles */,
			);
			path = Common;
			sourceTree = "<group>";
		};
		FD16315A2272F2470040FC3F /* Styles */ = {
			isa = PBXGroup;
			children = (
				FDFFEFE3227832DD00AB8ACA /* Colors.swift */,
			);
			path = Styles;
			sourceTree = "<group>";
		};
		FD16315B2272F24E0040FC3F /* UIElements */ = {
			isa = PBXGroup;
			children = (
				FDFFEFE1227831AD00AB8ACA /* Message.swift */,
			);
			path = UIElements;
			sourceTree = "<group>";
		};
		FD16315C2272F29A0040FC3F /* Base */ = {
			isa = PBXGroup;
			children = (
				369243462350D98B00EA40C9 /* BaseTabView.swift */,
			);
			path = Base;
			sourceTree = "<group>";
		};
		FDFFEFE62278340100AB8ACA /* Generated */ = {
			isa = PBXGroup;
			children = (
				FDFFEFE72278345D00AB8ACA /* R.generated.swift */,
			);
			name = Generated;
			path = "New Group";
			sourceTree = "<group>";
		};
/* End PBXGroup section */

/* Begin PBXNativeTarget section */
		36409E162359D5BB002AB92F /* HardcoreTap for TV */ = {
			isa = PBXNativeTarget;
			buildConfigurationList = 36409E262359D5BC002AB92F /* Build configuration list for PBXNativeTarget "HardcoreTap for TV" */;
			buildPhases = (
				36409E132359D5BB002AB92F /* Sources */,
				36409E142359D5BB002AB92F /* Frameworks */,
				36409E152359D5BB002AB92F /* Resources */,
			);
			buildRules = (
			);
			dependencies = (
			);
			name = "HardcoreTap for TV";
			productName = "HardcoreTap for TV";
			productReference = 36409E172359D5BB002AB92F /* HardcoreTap for TV.app */;
			productType = "com.apple.product-type.application";
		};
		36409E2A2359D841002AB92F /* HardcoreTap for Watch */ = {
			isa = PBXNativeTarget;
			buildConfigurationList = 36409E4F2359D842002AB92F /* Build configuration list for PBXNativeTarget "HardcoreTap for Watch" */;
			buildPhases = (
				36409E292359D841002AB92F /* Resources */,
				36409E4E2359D842002AB92F /* Embed App Extensions */,
			);
			buildRules = (
			);
			dependencies = (
				36409E3A2359D841002AB92F /* PBXTargetDependency */,
			);
			name = "HardcoreTap for Watch";
			productName = "HardcoreTap for Watch";
			productReference = 36409E2B2359D841002AB92F /* HardcoreTap for Watch.app */;
			productType = "com.apple.product-type.application.watchapp2";
		};
		36409E362359D841002AB92F /* HardcoreTap for Watch Extension */ = {
			isa = PBXNativeTarget;
			buildConfigurationList = 36409E4B2359D842002AB92F /* Build configuration list for PBXNativeTarget "HardcoreTap for Watch Extension" */;
			buildPhases = (
				36409E332359D841002AB92F /* Sources */,
				36409E342359D841002AB92F /* Frameworks */,
				36409E352359D841002AB92F /* Resources */,
			);
			buildRules = (
			);
			dependencies = (
			);
			name = "HardcoreTap for Watch Extension";
			productName = "HardcoreTap for Watch Extension";
			productReference = 36409E372359D841002AB92F /* HardcoreTap for Watch Extension.appex */;
			productType = "com.apple.product-type.watchkit2-extension";
		};
		3CE12BF81FB62FED00945352 /* HardcoreTap */ = {
			isa = PBXNativeTarget;
			buildConfigurationList = 3CE12C0B1FB62FEE00945352 /* Build configuration list for PBXNativeTarget "HardcoreTap" */;
			buildPhases = (
				2DF35AAE9488F785E4CBD92D /* [CP] Check Pods Manifest.lock */,
				FDFFEFE52278335B00AB8ACA /* R.Swift */,
				3CE12BF51FB62FED00945352 /* Sources */,
				3CE12BF61FB62FED00945352 /* Frameworks */,
				3CE12BF71FB62FED00945352 /* Resources */,
				8D0B13C81FD2DC11009FEBA6 /* ShellScript */,
				AD9DC2D863033CC4501DC800 /* [CP] Embed Pods Frameworks */,
				FDFFEFE02278310A00AB8ACA /* SwiftLint */,
				36409E522359D842002AB92F /* Embed Watch Content */,
			);
			buildRules = (
			);
			dependencies = (
				36409E492359D842002AB92F /* PBXTargetDependency */,
			);
			name = HardcoreTap;
			productName = TimeKillerApp;
			productReference = 3CE12BF91FB62FED00945352 /* HardcoreTap.app */;
			productType = "com.apple.product-type.application";
		};
/* End PBXNativeTarget section */

/* Begin PBXProject section */
		3CE12BF11FB62FED00945352 /* Project object */ = {
			isa = PBXProject;
			attributes = {
				LastSwiftUpdateCheck = 1110;
				LastUpgradeCheck = 0930;
				ORGANIZATIONNAME = "Bogdan Bystritskiy";
				TargetAttributes = {
					36409E162359D5BB002AB92F = {
						CreatedOnToolsVersion = 11.1;
						ProvisioningStyle = Automatic;
					};
					36409E2A2359D841002AB92F = {
						CreatedOnToolsVersion = 11.1;
						ProvisioningStyle = Automatic;
					};
					36409E362359D841002AB92F = {
						CreatedOnToolsVersion = 11.1;
						ProvisioningStyle = Automatic;
					};
					3CE12BF81FB62FED00945352 = {
						CreatedOnToolsVersion = 9.1;
						ProvisioningStyle = Automatic;
						SystemCapabilities = {
							com.apple.GameCenter.iOS = {
								enabled = 1;
							};
							com.apple.InAppPurchase = {
								enabled = 1;
							};
						};
					};
				};
			};
			buildConfigurationList = 3CE12BF41FB62FED00945352 /* Build configuration list for PBXProject "HardcoreTap" */;
			compatibilityVersion = "Xcode 8.0";
			developmentRegion = en;
			hasScannedForEncodings = 0;
			knownRegions = (
				en,
				Base,
			);
			mainGroup = 3CE12BF01FB62FED00945352;
			productRefGroup = 3CE12BFA1FB62FED00945352 /* Products */;
			projectDirPath = "";
			projectRoot = "";
			targets = (
				3CE12BF81FB62FED00945352 /* HardcoreTap */,
				36409E162359D5BB002AB92F /* HardcoreTap for TV */,
				36409E2A2359D841002AB92F /* HardcoreTap for Watch */,
				36409E362359D841002AB92F /* HardcoreTap for Watch Extension */,
			);
		};
/* End PBXProject section */

/* Begin PBXResourcesBuildPhase section */
		36409E152359D5BB002AB92F /* Resources */ = {
			isa = PBXResourcesBuildPhase;
			buildActionMask = 2147483647;
			files = (
				36409E242359D5BC002AB92F /* LaunchScreen.storyboard in Resources */,
				36409E212359D5BC002AB92F /* Preview Assets.xcassets in Resources */,
				36409E1E2359D5BC002AB92F /* Assets.xcassets in Resources */,
			);
			runOnlyForDeploymentPostprocessing = 0;
		};
		36409E292359D841002AB92F /* Resources */ = {
			isa = PBXResourcesBuildPhase;
			buildActionMask = 2147483647;
			files = (
				36409E312359D841002AB92F /* Assets.xcassets in Resources */,
				36409E2F2359D841002AB92F /* Interface.storyboard in Resources */,
			);
			runOnlyForDeploymentPostprocessing = 0;
		};
		36409E352359D841002AB92F /* Resources */ = {
			isa = PBXResourcesBuildPhase;
			buildActionMask = 2147483647;
			files = (
				36409E462359D842002AB92F /* Preview Assets.xcassets in Resources */,
				36409E432359D842002AB92F /* Assets.xcassets in Resources */,
			);
			runOnlyForDeploymentPostprocessing = 0;
		};
		3CE12BF71FB62FED00945352 /* Resources */ = {
			isa = PBXResourcesBuildPhase;
			buildActionMask = 2147483647;
			files = (
				8D4E36BD2008CC8200508D6B /* GoogleService-Info.plist in Resources */,
				3CE12C071FB62FEE00945352 /* LaunchScreen.storyboard in Resources */,
				3CE12C041FB62FEE00945352 /* Assets.xcassets in Resources */,
				3CE12C021FB62FEE00945352 /* Main.storyboard in Resources */,
				3CA83B8B1FBA5D7B0046ED8D /* bmp60.mp3 in Resources */,
			);
			runOnlyForDeploymentPostprocessing = 0;
		};
/* End PBXResourcesBuildPhase section */

/* Begin PBXShellScriptBuildPhase section */
		2DF35AAE9488F785E4CBD92D /* [CP] Check Pods Manifest.lock */ = {
			isa = PBXShellScriptBuildPhase;
			buildActionMask = 2147483647;
			files = (
			);
			inputPaths = (
				"${PODS_PODFILE_DIR_PATH}/Podfile.lock",
				"${PODS_ROOT}/Manifest.lock",
			);
			name = "[CP] Check Pods Manifest.lock";
			outputPaths = (
				"$(DERIVED_FILE_DIR)/Pods-HardcoreTap-checkManifestLockResult.txt",
			);
			runOnlyForDeploymentPostprocessing = 0;
			shellPath = /bin/sh;
			shellScript = "diff \"${PODS_PODFILE_DIR_PATH}/Podfile.lock\" \"${PODS_ROOT}/Manifest.lock\" > /dev/null\nif [ $? != 0 ] ; then\n    # print error to STDERR\n    echo \"error: The sandbox is not in sync with the Podfile.lock. Run 'pod install' or update your CocoaPods installation.\" >&2\n    exit 1\nfi\n# This output is used by Xcode 'outputs' to avoid re-running this script phase.\necho \"SUCCESS\" > \"${SCRIPT_OUTPUT_FILE_0}\"\n";
			showEnvVarsInLog = 0;
		};
		8D0B13C81FD2DC11009FEBA6 /* ShellScript */ = {
			isa = PBXShellScriptBuildPhase;
			buildActionMask = 2147483647;
			files = (
			);
			inputPaths = (
			);
			outputPaths = (
			);
			runOnlyForDeploymentPostprocessing = 0;
			shellPath = /bin/sh;
			shellScript = "\"${PODS_ROOT}/SwiftLint/swiftlint\"\n";
		};
		AD9DC2D863033CC4501DC800 /* [CP] Embed Pods Frameworks */ = {
			isa = PBXShellScriptBuildPhase;
			buildActionMask = 2147483647;
			files = (
			);
			inputPaths = (
				"${PODS_ROOT}/Target Support Files/Pods-HardcoreTap/Pods-HardcoreTap-frameworks.sh",
				"${BUILT_PRODUCTS_DIR}/BonMot/BonMot.framework",
				"${BUILT_PRODUCTS_DIR}/IQKeyboardManagerSwift/IQKeyboardManagerSwift.framework",
				"${BUILT_PRODUCTS_DIR}/NVActivityIndicatorView/NVActivityIndicatorView.framework",
				"${BUILT_PRODUCTS_DIR}/QuickLayout/QuickLayout.framework",
				"${BUILT_PRODUCTS_DIR}/R.swift.Library/Rswift.framework",
				"${BUILT_PRODUCTS_DIR}/SwiftEntryKit/SwiftEntryKit.framework",
			);
			name = "[CP] Embed Pods Frameworks";
			outputPaths = (
				"${TARGET_BUILD_DIR}/${FRAMEWORKS_FOLDER_PATH}/BonMot.framework",
				"${TARGET_BUILD_DIR}/${FRAMEWORKS_FOLDER_PATH}/IQKeyboardManagerSwift.framework",
				"${TARGET_BUILD_DIR}/${FRAMEWORKS_FOLDER_PATH}/NVActivityIndicatorView.framework",
				"${TARGET_BUILD_DIR}/${FRAMEWORKS_FOLDER_PATH}/QuickLayout.framework",
				"${TARGET_BUILD_DIR}/${FRAMEWORKS_FOLDER_PATH}/Rswift.framework",
				"${TARGET_BUILD_DIR}/${FRAMEWORKS_FOLDER_PATH}/SwiftEntryKit.framework",
			);
			runOnlyForDeploymentPostprocessing = 0;
			shellPath = /bin/sh;
			shellScript = "\"${PODS_ROOT}/Target Support Files/Pods-HardcoreTap/Pods-HardcoreTap-frameworks.sh\"\n";
			showEnvVarsInLog = 0;
		};
		FDFFEFE02278310A00AB8ACA /* SwiftLint */ = {
			isa = PBXShellScriptBuildPhase;
			buildActionMask = 2147483647;
			files = (
			);
			inputFileListPaths = (
			);
			inputPaths = (
			);
			name = SwiftLint;
			outputFileListPaths = (
			);
			outputPaths = (
			);
			runOnlyForDeploymentPostprocessing = 0;
			shellPath = /bin/sh;
			shellScript = "\"${PODS_ROOT}/SwiftLint/swiftlint\"\n";
		};
		FDFFEFE52278335B00AB8ACA /* R.Swift */ = {
			isa = PBXShellScriptBuildPhase;
			buildActionMask = 2147483647;
			files = (
			);
			inputFileListPaths = (
			);
			inputPaths = (
				"$TEMP_DIR/rswift-lastrun",
			);
			name = R.Swift;
			outputFileListPaths = (
			);
			outputPaths = (
				$SRCROOT/HardcoreTap/Resources/Generated/R.generated.swift,
			);
			runOnlyForDeploymentPostprocessing = 0;
			shellPath = /bin/sh;
			shellScript = "\"$PODS_ROOT/R.swift/rswift\" generate \"$SRCROOT/HardcoreTap/Resources/Generated/R.generated.swift\"\n";
		};
/* End PBXShellScriptBuildPhase section */

/* Begin PBXSourcesBuildPhase section */
		36409E132359D5BB002AB92F /* Sources */ = {
			isa = PBXSourcesBuildPhase;
			buildActionMask = 2147483647;
			files = (
				36409E1C2359D5BB002AB92F /* ContentView.swift in Sources */,
				36409E1A2359D5BB002AB92F /* AppDelegate.swift in Sources */,
			);
			runOnlyForDeploymentPostprocessing = 0;
		};
		36409E332359D841002AB92F /* Sources */ = {
			isa = PBXSourcesBuildPhase;
			buildActionMask = 2147483647;
			files = (
				36409E3F2359D841002AB92F /* HostingController.swift in Sources */,
				36409E3D2359D841002AB92F /* ContentView.swift in Sources */,
				36409E412359D841002AB92F /* ExtensionDelegate.swift in Sources */,
			);
			runOnlyForDeploymentPostprocessing = 0;
		};
		3CE12BF51FB62FED00945352 /* Sources */ = {
			isa = PBXSourcesBuildPhase;
			buildActionMask = 2147483647;
			files = (
				369243472350D98B00EA40C9 /* BaseTabView.swift in Sources */,
				3CE12C151FB663A000945352 /* LeadearBoardViewController.swift in Sources */,
				8DAA24761FC7F80600282E06 /* RateManager.swift in Sources */,
				73BC136B1FB876A200BDB8B0 /* UIButtonExtension.swift in Sources */,
				FDFFEFE4227832DD00AB8ACA /* Colors.swift in Sources */,
				3CE12BFF1FB62FEE00945352 /* GameViewController.swift in Sources */,
				3634F807235894840053699F /* AboutGameView.swift in Sources */,
				8D4D774120F10C91001F3E91 /* UIViewControllerExtensions.swift in Sources */,
				369243452350D4D800EA40C9 /* SceneDelegate.swift in Sources */,
				3C092B0A1FB774010019687C /* BaseTabBarController.swift in Sources */,
				3C092B061FB771EF0019687C /* RulesViewController.swift in Sources */,
				FDFFEFE82278345D00AB8ACA /* R.generated.swift in Sources */,
				3CE12BFD1FB62FED00945352 /* AppDelegate.swift in Sources */,
				36668D0A235734D800EEC8BC /* LeaderboardView.swift in Sources */,
				36668D0C235739FF00EEC8BC /* RulesView.swift in Sources */,
				3CE12C111FB643CB00945352 /* LoginViewController.swift in Sources */,
				36B7A872235F27ED00CBCE24 /* RuleView.swift in Sources */,
				8D0B2BF11FC89BA400CE102C /* AboutGameViewController.swift in Sources */,
				FDFFEFE2227831AD00AB8ACA /* Message.swift in Sources */,
				8D0B2BED1FC89B3700CE102C /* SettingsViewController.swift in Sources */,
				36CEAB2B234DFD6800812E09 /* LoginView.swift in Sources */,
				739F733F200B98FE0073C198 /* SettingsCell.swift in Sources */,
			);
			runOnlyForDeploymentPostprocessing = 0;
		};
/* End PBXSourcesBuildPhase section */

/* Begin PBXTargetDependency section */
		36409E3A2359D841002AB92F /* PBXTargetDependency */ = {
			isa = PBXTargetDependency;
			target = 36409E362359D841002AB92F /* HardcoreTap for Watch Extension */;
			targetProxy = 36409E392359D841002AB92F /* PBXContainerItemProxy */;
		};
		36409E492359D842002AB92F /* PBXTargetDependency */ = {
			isa = PBXTargetDependency;
			target = 36409E2A2359D841002AB92F /* HardcoreTap for Watch */;
			targetProxy = 36409E482359D842002AB92F /* PBXContainerItemProxy */;
		};
/* End PBXTargetDependency section */

/* Begin PBXVariantGroup section */
		36409E222359D5BC002AB92F /* LaunchScreen.storyboard */ = {
			isa = PBXVariantGroup;
			children = (
				36409E232359D5BC002AB92F /* Base */,
			);
			name = LaunchScreen.storyboard;
			sourceTree = "<group>";
		};
		36409E2D2359D841002AB92F /* Interface.storyboard */ = {
			isa = PBXVariantGroup;
			children = (
				36409E2E2359D841002AB92F /* Base */,
			);
			name = Interface.storyboard;
			sourceTree = "<group>";
		};
		3CE12C001FB62FEE00945352 /* Main.storyboard */ = {
			isa = PBXVariantGroup;
			children = (
				3CE12C011FB62FEE00945352 /* Base */,
			);
			name = Main.storyboard;
			sourceTree = "<group>";
		};
		3CE12C051FB62FEE00945352 /* LaunchScreen.storyboard */ = {
			isa = PBXVariantGroup;
			children = (
				3CE12C061FB62FEE00945352 /* Base */,
			);
			name = LaunchScreen.storyboard;
			sourceTree = "<group>";
		};
/* End PBXVariantGroup section */

/* Begin XCBuildConfiguration section */
		36409E272359D5BC002AB92F /* Debug */ = {
			isa = XCBuildConfiguration;
			buildSettings = {
				ASSETCATALOG_COMPILER_APPICON_NAME = "App Icon & Top Shelf Image";
				CLANG_ENABLE_OBJC_WEAK = YES;
				CODE_SIGN_STYLE = Automatic;
				DEBUG_INFORMATION_FORMAT = dwarf;
				DEVELOPMENT_ASSET_PATHS = "\"HardcoreTap for TV/Preview Content\"";
				DEVELOPMENT_TEAM = F7AZ625QQ5;
				ENABLE_PREVIEWS = YES;
				INFOPLIST_FILE = "HardcoreTap for TV/Info.plist";
				LD_RUNPATH_SEARCH_PATHS = "$(inherited) @executable_path/Frameworks";
				MARKETING_VERSION = 2.0;
				MTL_ENABLE_DEBUG_INFO = INCLUDE_SOURCE;
				MTL_FAST_MATH = YES;
				PRODUCT_BUNDLE_IDENTIFIER = "com.bystritskiy.HardcoreTap-for-TV";
				PRODUCT_NAME = "$(TARGET_NAME)";
				SDKROOT = appletvos;
				SWIFT_VERSION = 5.0;
				TARGETED_DEVICE_FAMILY = 3;
				TVOS_DEPLOYMENT_TARGET = 13.0;
			};
			name = Debug;
		};
		36409E282359D5BC002AB92F /* Release */ = {
			isa = XCBuildConfiguration;
			buildSettings = {
				ASSETCATALOG_COMPILER_APPICON_NAME = "App Icon & Top Shelf Image";
				CLANG_ENABLE_OBJC_WEAK = YES;
				CODE_SIGN_STYLE = Automatic;
				DEVELOPMENT_ASSET_PATHS = "\"HardcoreTap for TV/Preview Content\"";
				DEVELOPMENT_TEAM = F7AZ625QQ5;
				ENABLE_NS_ASSERTIONS = NO;
				ENABLE_PREVIEWS = YES;
				INFOPLIST_FILE = "HardcoreTap for TV/Info.plist";
				LD_RUNPATH_SEARCH_PATHS = "$(inherited) @executable_path/Frameworks";
				MARKETING_VERSION = 2.0;
				MTL_ENABLE_DEBUG_INFO = NO;
				MTL_FAST_MATH = YES;
				PRODUCT_BUNDLE_IDENTIFIER = "com.bystritskiy.HardcoreTap-for-TV";
				PRODUCT_NAME = "$(TARGET_NAME)";
				SDKROOT = appletvos;
				SWIFT_VERSION = 5.0;
				TARGETED_DEVICE_FAMILY = 3;
				TVOS_DEPLOYMENT_TARGET = 13.0;
			};
			name = Release;
		};
		36409E4C2359D842002AB92F /* Debug */ = {
			isa = XCBuildConfiguration;
			buildSettings = {
				ASSETCATALOG_COMPILER_COMPLICATION_NAME = Complication;
				CLANG_ENABLE_OBJC_WEAK = YES;
				CODE_SIGN_STYLE = Automatic;
				DEBUG_INFORMATION_FORMAT = dwarf;
				DEVELOPMENT_ASSET_PATHS = "\"HardcoreTap for Watch Extension/Preview Content\"";
				DEVELOPMENT_TEAM = F7AZ625QQ5;
				ENABLE_PREVIEWS = YES;
				INFOPLIST_FILE = "HardcoreTap for Watch Extension/Info.plist";
				LD_RUNPATH_SEARCH_PATHS = "$(inherited) @executable_path/Frameworks @executable_path/../../Frameworks";
				MARKETING_VERSION = 2.0;
				MTL_ENABLE_DEBUG_INFO = INCLUDE_SOURCE;
				MTL_FAST_MATH = YES;
				PRODUCT_BUNDLE_IDENTIFIER = com.bystritskiy.HardcoreTap.watchkitapp.watchkitextension;
				PRODUCT_NAME = "${TARGET_NAME}";
				SDKROOT = watchos;
				SKIP_INSTALL = YES;
				SWIFT_VERSION = 5.0;
				TARGETED_DEVICE_FAMILY = 4;
				WATCHOS_DEPLOYMENT_TARGET = 6.0;
			};
			name = Debug;
		};
		36409E4D2359D842002AB92F /* Release */ = {
			isa = XCBuildConfiguration;
			buildSettings = {
				ASSETCATALOG_COMPILER_COMPLICATION_NAME = Complication;
				CLANG_ENABLE_OBJC_WEAK = YES;
				CODE_SIGN_STYLE = Automatic;
				DEVELOPMENT_ASSET_PATHS = "\"HardcoreTap for Watch Extension/Preview Content\"";
				DEVELOPMENT_TEAM = F7AZ625QQ5;
				ENABLE_NS_ASSERTIONS = NO;
				ENABLE_PREVIEWS = YES;
				INFOPLIST_FILE = "HardcoreTap for Watch Extension/Info.plist";
				LD_RUNPATH_SEARCH_PATHS = "$(inherited) @executable_path/Frameworks @executable_path/../../Frameworks";
				MARKETING_VERSION = 2.0;
				MTL_ENABLE_DEBUG_INFO = NO;
				MTL_FAST_MATH = YES;
				PRODUCT_BUNDLE_IDENTIFIER = com.bystritskiy.HardcoreTap.watchkitapp.watchkitextension;
				PRODUCT_NAME = "${TARGET_NAME}";
				SDKROOT = watchos;
				SKIP_INSTALL = YES;
				SWIFT_VERSION = 5.0;
				TARGETED_DEVICE_FAMILY = 4;
				WATCHOS_DEPLOYMENT_TARGET = 6.0;
			};
			name = Release;
		};
		36409E502359D842002AB92F /* Debug */ = {
			isa = XCBuildConfiguration;
			buildSettings = {
				ALWAYS_EMBED_SWIFT_STANDARD_LIBRARIES = YES;
				ASSETCATALOG_COMPILER_APPICON_NAME = AppIcon;
				CLANG_ENABLE_OBJC_WEAK = YES;
				CODE_SIGN_IDENTITY = "iPhone Developer";
				"CODE_SIGN_IDENTITY[sdk=*]" = "iPhone Developer";
				CODE_SIGN_STYLE = Automatic;
				DEBUG_INFORMATION_FORMAT = dwarf;
				DEVELOPMENT_TEAM = F7AZ625QQ5;
				IBSC_MODULE = HardcoreTap_for_Watch_Extension;
				INFOPLIST_FILE = "HardcoreTap for Watch/Info.plist";
				MARKETING_VERSION = 2.0;
				MTL_ENABLE_DEBUG_INFO = INCLUDE_SOURCE;
				MTL_FAST_MATH = YES;
				PRODUCT_BUNDLE_IDENTIFIER = com.bystritskiy.HardcoreTap.watchkitapp;
				PRODUCT_NAME = "$(TARGET_NAME)";
				SDKROOT = watchos;
				SKIP_INSTALL = YES;
				SWIFT_VERSION = 5.0;
				TARGETED_DEVICE_FAMILY = 4;
				WATCHOS_DEPLOYMENT_TARGET = 6.0;
			};
			name = Debug;
		};
		36409E512359D842002AB92F /* Release */ = {
			isa = XCBuildConfiguration;
			buildSettings = {
				ALWAYS_EMBED_SWIFT_STANDARD_LIBRARIES = YES;
				ASSETCATALOG_COMPILER_APPICON_NAME = AppIcon;
				CLANG_ENABLE_OBJC_WEAK = YES;
				CODE_SIGN_IDENTITY = "iPhone Developer";
				"CODE_SIGN_IDENTITY[sdk=iphoneos*]" = "iPhone Distribution";
				CODE_SIGN_STYLE = Automatic;
				DEVELOPMENT_TEAM = F7AZ625QQ5;
				ENABLE_NS_ASSERTIONS = NO;
				IBSC_MODULE = HardcoreTap_for_Watch_Extension;
				INFOPLIST_FILE = "HardcoreTap for Watch/Info.plist";
				MARKETING_VERSION = 2.0;
				MTL_ENABLE_DEBUG_INFO = NO;
				MTL_FAST_MATH = YES;
				PRODUCT_BUNDLE_IDENTIFIER = com.bystritskiy.HardcoreTap.watchkitapp;
				PRODUCT_NAME = "$(TARGET_NAME)";
				SDKROOT = watchos;
				SKIP_INSTALL = YES;
				SWIFT_VERSION = 5.0;
				TARGETED_DEVICE_FAMILY = 4;
				WATCHOS_DEPLOYMENT_TARGET = 6.0;
			};
			name = Release;
		};
		3CE12C091FB62FEE00945352 /* Debug */ = {
			isa = XCBuildConfiguration;
			buildSettings = {
				ALWAYS_SEARCH_USER_PATHS = NO;
				CLANG_ANALYZER_NONNULL = YES;
				CLANG_ANALYZER_NUMBER_OBJECT_CONVERSION = YES_AGGRESSIVE;
				CLANG_CXX_LANGUAGE_STANDARD = "gnu++14";
				CLANG_CXX_LIBRARY = "libc++";
				CLANG_ENABLE_MODULES = YES;
				CLANG_ENABLE_OBJC_ARC = YES;
				CLANG_WARN_BLOCK_CAPTURE_AUTORELEASING = YES;
				CLANG_WARN_BOOL_CONVERSION = YES;
				CLANG_WARN_COMMA = YES;
				CLANG_WARN_CONSTANT_CONVERSION = YES;
				CLANG_WARN_DEPRECATED_OBJC_IMPLEMENTATIONS = YES;
				CLANG_WARN_DIRECT_OBJC_ISA_USAGE = YES_ERROR;
				CLANG_WARN_DOCUMENTATION_COMMENTS = YES;
				CLANG_WARN_EMPTY_BODY = YES;
				CLANG_WARN_ENUM_CONVERSION = YES;
				CLANG_WARN_INFINITE_RECURSION = YES;
				CLANG_WARN_INT_CONVERSION = YES;
				CLANG_WARN_NON_LITERAL_NULL_CONVERSION = YES;
				CLANG_WARN_OBJC_IMPLICIT_RETAIN_SELF = YES;
				CLANG_WARN_OBJC_LITERAL_CONVERSION = YES;
				CLANG_WARN_OBJC_ROOT_CLASS = YES_ERROR;
				CLANG_WARN_RANGE_LOOP_ANALYSIS = YES;
				CLANG_WARN_STRICT_PROTOTYPES = YES;
				CLANG_WARN_SUSPICIOUS_MOVE = YES;
				CLANG_WARN_UNGUARDED_AVAILABILITY = YES_AGGRESSIVE;
				CLANG_WARN_UNREACHABLE_CODE = YES;
				CLANG_WARN__DUPLICATE_METHOD_MATCH = YES;
				CODE_SIGN_IDENTITY = "iPhone Developer";
				COPY_PHASE_STRIP = NO;
				DEBUG_INFORMATION_FORMAT = "dwarf-with-dsym";
				ENABLE_NS_ASSERTIONS = NO;
				ENABLE_STRICT_OBJC_MSGSEND = YES;
				ENABLE_TESTABILITY = YES;
				GCC_C_LANGUAGE_STANDARD = gnu11;
				GCC_DYNAMIC_NO_PIC = NO;
				GCC_NO_COMMON_BLOCKS = YES;
				GCC_OPTIMIZATION_LEVEL = 0;
				GCC_PREPROCESSOR_DEFINITIONS = (
					"DEBUG=1",
					"$(inherited)",
				);
				GCC_WARN_64_TO_32_BIT_CONVERSION = YES;
				GCC_WARN_ABOUT_RETURN_TYPE = YES_ERROR;
				GCC_WARN_UNDECLARED_SELECTOR = YES;
				GCC_WARN_UNINITIALIZED_AUTOS = YES_AGGRESSIVE;
				GCC_WARN_UNUSED_FUNCTION = YES;
				GCC_WARN_UNUSED_VARIABLE = YES;
				IPHONEOS_DEPLOYMENT_TARGET = 13.0;
				MTL_ENABLE_DEBUG_INFO = NO;
				ONLY_ACTIVE_ARCH = YES;
				SDKROOT = iphoneos;
				SWIFT_ACTIVE_COMPILATION_CONDITIONS = DEBUG;
				SWIFT_OPTIMIZATION_LEVEL = "-Onone";
				SWIFT_VERSION = 5.0;
				TARGETED_DEVICE_FAMILY = "1,2";
			};
			name = Debug;
		};
		3CE12C0A1FB62FEE00945352 /* Release */ = {
			isa = XCBuildConfiguration;
			buildSettings = {
				ALWAYS_SEARCH_USER_PATHS = NO;
				CLANG_ANALYZER_NONNULL = YES;
				CLANG_ANALYZER_NUMBER_OBJECT_CONVERSION = YES_AGGRESSIVE;
				CLANG_CXX_LANGUAGE_STANDARD = "gnu++14";
				CLANG_CXX_LIBRARY = "libc++";
				CLANG_ENABLE_MODULES = YES;
				CLANG_ENABLE_OBJC_ARC = YES;
				CLANG_WARN_BLOCK_CAPTURE_AUTORELEASING = YES;
				CLANG_WARN_BOOL_CONVERSION = YES;
				CLANG_WARN_COMMA = YES;
				CLANG_WARN_CONSTANT_CONVERSION = YES;
				CLANG_WARN_DEPRECATED_OBJC_IMPLEMENTATIONS = YES;
				CLANG_WARN_DIRECT_OBJC_ISA_USAGE = YES_ERROR;
				CLANG_WARN_DOCUMENTATION_COMMENTS = YES;
				CLANG_WARN_EMPTY_BODY = YES;
				CLANG_WARN_ENUM_CONVERSION = YES;
				CLANG_WARN_INFINITE_RECURSION = YES;
				CLANG_WARN_INT_CONVERSION = YES;
				CLANG_WARN_NON_LITERAL_NULL_CONVERSION = YES;
				CLANG_WARN_OBJC_IMPLICIT_RETAIN_SELF = YES;
				CLANG_WARN_OBJC_LITERAL_CONVERSION = YES;
				CLANG_WARN_OBJC_ROOT_CLASS = YES_ERROR;
				CLANG_WARN_RANGE_LOOP_ANALYSIS = YES;
				CLANG_WARN_STRICT_PROTOTYPES = YES;
				CLANG_WARN_SUSPICIOUS_MOVE = YES;
				CLANG_WARN_UNGUARDED_AVAILABILITY = YES_AGGRESSIVE;
				CLANG_WARN_UNREACHABLE_CODE = YES;
				CLANG_WARN__DUPLICATE_METHOD_MATCH = YES;
				CODE_SIGN_IDENTITY = "iPhone Developer";
				COPY_PHASE_STRIP = NO;
				DEBUG_INFORMATION_FORMAT = "dwarf-with-dsym";
				ENABLE_NS_ASSERTIONS = YES;
				ENABLE_STRICT_OBJC_MSGSEND = YES;
				ENABLE_TESTABILITY = YES;
				GCC_C_LANGUAGE_STANDARD = gnu11;
				GCC_NO_COMMON_BLOCKS = YES;
				GCC_WARN_64_TO_32_BIT_CONVERSION = YES;
				GCC_WARN_ABOUT_RETURN_TYPE = YES_ERROR;
				GCC_WARN_UNDECLARED_SELECTOR = YES;
				GCC_WARN_UNINITIALIZED_AUTOS = YES_AGGRESSIVE;
				GCC_WARN_UNUSED_FUNCTION = YES;
				GCC_WARN_UNUSED_VARIABLE = YES;
				IPHONEOS_DEPLOYMENT_TARGET = 13.0;
				MTL_ENABLE_DEBUG_INFO = YES;
				ONLY_ACTIVE_ARCH = YES;
				SDKROOT = iphoneos;
				SWIFT_OPTIMIZATION_LEVEL = "-Owholemodule";
				SWIFT_VERSION = 5.0;
				TARGETED_DEVICE_FAMILY = "1,2";
				VALIDATE_PRODUCT = YES;
			};
			name = Release;
		};
		3CE12C0C1FB62FEE00945352 /* Debug */ = {
			isa = XCBuildConfiguration;
			baseConfigurationReference = 9A8DBFE64EDF162FA295ADF2 /* Pods-HardcoreTap.debug.xcconfig */;
			buildSettings = {
				ASSETCATALOG_COMPILER_APPICON_NAME = AppIcon;
				CODE_SIGN_ENTITLEMENTS = HardcoreTap/HardcoreTap.entitlements;
				CODE_SIGN_IDENTITY = "iPhone Developer";
				"CODE_SIGN_IDENTITY[sdk=*]" = "iPhone Developer";
				CODE_SIGN_STYLE = Automatic;
				CURRENT_PROJECT_VERSION = 6;
				DERIVE_MACCATALYST_PRODUCT_BUNDLE_IDENTIFIER = YES;
				DEVELOPMENT_TEAM = F7AZ625QQ5;
				INFOPLIST_FILE = "$(SRCROOT)/HardcoreTap/Supporting files/Info.plist";
				IPHONEOS_DEPLOYMENT_TARGET = 13.0;
				LD_RUNPATH_SEARCH_PATHS = "$(inherited) @executable_path/Frameworks";
				MARKETING_VERSION = 2.0;
				PRODUCT_BUNDLE_IDENTIFIER = com.bystritskiy.HardcoreTap;
				PRODUCT_NAME = "$(TARGET_NAME)";
				PROVISIONING_PROFILE = "";
				PROVISIONING_PROFILE_SPECIFIER = "";
				SUPPORTS_MACCATALYST = YES;
				SWIFT_VERSION = 5.0;
				TARGETED_DEVICE_FAMILY = "1,2";
			};
			name = Debug;
		};
		3CE12C0D1FB62FEE00945352 /* Release */ = {
			isa = XCBuildConfiguration;
			baseConfigurationReference = 63B0CB57EA772756F3D03DA9 /* Pods-HardcoreTap.release.xcconfig */;
			buildSettings = {
				ASSETCATALOG_COMPILER_APPICON_NAME = AppIcon;
				CODE_SIGN_ENTITLEMENTS = HardcoreTap/HardcoreTap.entitlements;
				CODE_SIGN_IDENTITY = "iPhone Developer";
				"CODE_SIGN_IDENTITY[sdk=iphoneos*]" = "iPhone Distribution";
				CODE_SIGN_STYLE = Automatic;
				CURRENT_PROJECT_VERSION = 6;
				DERIVE_MACCATALYST_PRODUCT_BUNDLE_IDENTIFIER = YES;
				DEVELOPMENT_TEAM = F7AZ625QQ5;
				INFOPLIST_FILE = "$(SRCROOT)/HardcoreTap/Supporting files/Info.plist";
				IPHONEOS_DEPLOYMENT_TARGET = 13.0;
				LD_RUNPATH_SEARCH_PATHS = "$(inherited) @executable_path/Frameworks";
				MARKETING_VERSION = 2.0;
				PRODUCT_BUNDLE_IDENTIFIER = com.bystritskiy.HardcoreTap;
				PRODUCT_NAME = "$(TARGET_NAME)";
				PROVISIONING_PROFILE = "";
				PROVISIONING_PROFILE_SPECIFIER = "";
				SUPPORTS_MACCATALYST = YES;
				SWIFT_VERSION = 5.0;
				TARGETED_DEVICE_FAMILY = "1,2";
			};
			name = Release;
		};
/* End XCBuildConfiguration section */

/* Begin XCConfigurationList section */
		36409E262359D5BC002AB92F /* Build configuration list for PBXNativeTarget "HardcoreTap for TV" */ = {
			isa = XCConfigurationList;
			buildConfigurations = (
				36409E272359D5BC002AB92F /* Debug */,
				36409E282359D5BC002AB92F /* Release */,
			);
			defaultConfigurationIsVisible = 0;
			defaultConfigurationName = Release;
		};
		36409E4B2359D842002AB92F /* Build configuration list for PBXNativeTarget "HardcoreTap for Watch Extension" */ = {
			isa = XCConfigurationList;
			buildConfigurations = (
				36409E4C2359D842002AB92F /* Debug */,
				36409E4D2359D842002AB92F /* Release */,
			);
			defaultConfigurationIsVisible = 0;
			defaultConfigurationName = Release;
		};
		36409E4F2359D842002AB92F /* Build configuration list for PBXNativeTarget "HardcoreTap for Watch" */ = {
			isa = XCConfigurationList;
			buildConfigurations = (
				36409E502359D842002AB92F /* Debug */,
				36409E512359D842002AB92F /* Release */,
			);
			defaultConfigurationIsVisible = 0;
			defaultConfigurationName = Release;
		};
		3CE12BF41FB62FED00945352 /* Build configuration list for PBXProject "HardcoreTap" */ = {
			isa = XCConfigurationList;
			buildConfigurations = (
				3CE12C091FB62FEE00945352 /* Debug */,
				3CE12C0A1FB62FEE00945352 /* Release */,
			);
			defaultConfigurationIsVisible = 0;
			defaultConfigurationName = Release;
		};
		3CE12C0B1FB62FEE00945352 /* Build configuration list for PBXNativeTarget "HardcoreTap" */ = {
			isa = XCConfigurationList;
			buildConfigurations = (
				3CE12C0C1FB62FEE00945352 /* Debug */,
				3CE12C0D1FB62FEE00945352 /* Release */,
			);
			defaultConfigurationIsVisible = 0;
			defaultConfigurationName = Release;
		};
/* End XCConfigurationList section */
	};
	rootObject = 3CE12BF11FB62FED00945352 /* Project object */;
}
