PODS:
  - BonMot (6.1.1)
  - IQKeyboardManagerSwift (6.5.10)
  - NVActivityIndicatorView (5.1.1):
    - NVActivityIndicatorView/Base (= 5.1.1)
  - NVActivityIndicatorView/Base (5.1.1)
  - R.swift (6.1.0):
    - R.swift.Library (~> 5.3.0)
  - R.swift.Library (5.3.0)
  - SwiftEntryKit (2.0.0)
  - SwiftLint (0.48.0)

DEPENDENCIES:
  - BonMot
  - IQKeyboardManagerSwift
  - NVActivityIndicatorView
  - R.swift
  - SwiftEntryKit
  - SwiftLint

SPEC REPOS:
  trunk:
    - BonMot
    - IQKeyboardManagerSwift
    - NVActivityIndicatorView
    - R.swift
    - R.swift.Library
    - SwiftEntryKit
    - SwiftLint

SPEC CHECKSUMS:
  BonMot: 42c7134bab1da1d1d8805b02113635c12f0200cc
  IQKeyboardManagerSwift: 52962c76ab33532f15ad9f3ff4e5715eda5335bb
  NVActivityIndicatorView: 1f6c5687f1171810aa27a3296814dc2d7dec3667
  R.swift: ec98ff71c4ab2f6fd01dd077e5afd15e63a4834c
  R.swift.Library: 0fc583cb55a99e28901299cc451614cad1161962
  SwiftEntryKit: 61b5fa36f34a97dd8013e48a7345bc4c4720be9a
  SwiftLint: 284cea64b6187c5d6bd83e9a548a64104d546447

PODFILE CHECKSUM: df61eae6e588a8c64decc9347ebcf5d8c0a23c5d

COCOAPODS: 1.11.3
