PODS:
  - BonMot (5.4.1)
  - IQKeyboardManagerSwift (6.5.1)
  - NVActivityIndicatorView (4.8.0):
    - NVActivityIndicatorView/Presenter (= 4.8.0)
  - NVActivityIndicatorView/Presenter (4.8.0)
  - QuickLayout (3.0.0)
  - R.swift (5.0.3):
    - R.swift.Library (~> 5.0.0)
  - R.swift.Library (5.0.1)
  - SwiftEntryKit (1.2.0):
    - QuickLayout (= 3.0.0)
  - SwiftLint (0.35.0)

DEPENDENCIES:
  - BonMot
  - IQKeyboardManagerSwift
  - NVActivityIndicatorView
  - R.swift
  - SwiftEntryKit
  - SwiftLint

SPEC REPOS:
  trunk:
    - BonMot
    - IQKeyboardManagerSwift
    - NVActivityIndicatorView
    - QuickLayout
    - R.swift
    - R.swift.Library
    - SwiftEntryKit
    - SwiftLint

SPEC CHECKSUMS:
  BonMot: aa82119ff2ffa184223d8a31c72aed84fbb009e0
  IQKeyboardManagerSwift: 9ac7524fad9f9fe9a3b98c927e7772471ca546d2
  NVActivityIndicatorView: d24b7ebcf80af5dcd994adb650e2b6c93379270f
  QuickLayout: 07b45a72b10083fee3f095990cfed1c1e7b27f0a
  R.swift: f5a87643b91ea569d23d6afb3eee9c743edde239
  R.swift.Library: cfe85d569d9bae6cb262922db130e7c3a7a5fad1
  SwiftEntryKit: 8303faf480f405b57df16b6fc2b251647cf40349
  SwiftLint: 5553187048b900c91aa03552807681bb6b027846

PODFILE CHECKSUM: 01aa312559b90ec8325aef0b7dce32fedafe6026

COCOAPODS: 1.8.3
